github.com/zoobzio/capitan v0.0.13 h1:BIdxw7+4Lqho4bhPZmtayUIVaWOkRSONjvBxC8EPlBQ=
github.com/zoobzio/capitan v0.0.13/go.mod h1:/OwNDIB1CHxwSzsF4e48B2+2e/IMIvTb0ZMgVeNyYig=
github.com/zoobzio/sentinel v0.1.0 h1:ftvHUFDGEQXrA4WlX1jv+IyD+3OegmeAucW3J+e8Aw0=
github.com/zoobzio/sentinel v0.1.0/go.mod h1:SbQpbfte5YTTUCKHF+s6XYdvg5Dh94MKjR7Qwuuw5Xo=
