github.com/zoobzio/capitan v0.0.13 h1:BIdxw7+4Lqho4bhPZmtayUIVaWOkRSONjvBxC8EPlBQ=
github.com/zoobzio/capitan v0.0.13/go.mod h1:/OwNDIB1CHxwSzsF4e48B2+2e/IMIvTb0ZMgVeNyYig=
github.com/zoobzio/sentinel v0.0.6 h1:K6xqs/qelsjC5wGthPzw3cRWjGi0p1mwhh5oSJQT6Ko=
github.com/zoobzio/sentinel v0.0.6/go.mod h1:1c0vVxUQLFuBrAqMJyvWKWsRW5fp2UT5+jzC9FucUWY=
